
Microsoft Visual Studio Solution File, Format Version 12.00
# Visual Studio Version 17
VisualStudioVersion = 17.14.36202.13
MinimumVisualStudioVersion = 10.0.40219.1
Project("{2150E333-8FDC-42A3-9474-1A3956D46DE8}") = "1.PropostaService", "1.PropostaService", "{02EA681E-C7D8-13C7-8484-4AC65E1B71E8}"
EndProject
Project("{2150E333-8FDC-42A3-9474-1A3956D46DE8}") = "2.ContratacaoService", "2.ContratacaoService", "{0469ACF1-4DC2-4CEB-9514-F4AF6B62D40C}"
EndProject
Project("{2150E333-8FDC-42A3-9474-1A3956D46DE8}") = "Core", "Core", "{93FB203E-B28F-4FE2-806E-9452D0DE4BE0}"
EndProject
Project("{2150E333-8FDC-42A3-9474-1A3956D46DE8}") = "Domain", "Domain", "{3C17CEA6-A448-479D-859A-87F371C0B257}"
EndProject
Project("{2150E333-8FDC-42A3-9474-1A3956D46DE8}") = "Adpters", "Adpters", "{BC64BE6B-500F-4BD5-BE57-B048635F056B}"
EndProject
Project("{2150E333-8FDC-42A3-9474-1A3956D46DE8}") = "Application", "Application", "{DB3FD5F0-F704-4509-B4D0-DE73AEB2D011}"
EndProject
Project("{FAE04EC0-301F-11D3-BF4B-00C04F79EFBC}") = "Domain", "1.PropostaService\Core\Domain\Domain.csproj", "{28EC0FB5-ECE5-46FE-94C2-4D9F7E509B37}"
EndProject
Project("{FAE04EC0-301F-11D3-BF4B-00C04F79EFBC}") = "Application", "1.PropostaService\Core\Application\Application.csproj", "{CD2747E5-5EDB-44B6-A188-A08D5532DC80}"
EndProject
Project("{FAE04EC0-301F-11D3-BF4B-00C04F79EFBC}") = "Data", "1.PropostaService\Adpters\Data\Data.csproj", "{71C3AD70-8C82-4525-8DA9-D120B960519C}"
EndProject
Project("{FAE04EC0-301F-11D3-BF4B-00C04F79EFBC}") = "API", "1.PropostaService\Consumers\API\API.csproj", "{609D50DB-07C9-4D59-8F70-31E6DE851347}"
EndProject
Project("{2150E333-8FDC-42A3-9474-1A3956D46DE8}") = "Consumers", "Consumers", "{5C0E3F42-AAD7-4236-A668-648DB731A822}"
EndProject
Project("{2150E333-8FDC-42A3-9474-1A3956D46DE8}") = "Tests", "Tests", "{B6EEDD2D-13B2-4967-824D-74A071590554}"
EndProject
Project("{2150E333-8FDC-42A3-9474-1A3956D46DE8}") = "Adapters", "Adapters", "{0127BD15-0D72-4A86-B813-046BACA7EE92}"
EndProject
Project("{2150E333-8FDC-42A3-9474-1A3956D46DE8}") = "Application", "Application", "{83545A89-33F0-4B3F-9ACA-34E25297FE70}"
EndProject
Project("{2150E333-8FDC-42A3-9474-1A3956D46DE8}") = "Domain", "Domain", "{2ABC1857-CED6-4684-8D70-990225ECBCE4}"
EndProject
Project("{FAE04EC0-301F-11D3-BF4B-00C04F79EFBC}") = "DomainTests", "1.PropostaService\Tests\Domain\DomainTests\DomainTests.csproj", "{E9742C80-09B5-48AA-9364-3A5B86CB4E42}"
EndProject
Project("{FAE04EC0-301F-11D3-BF4B-00C04F79EFBC}") = "ApplicationTests", "1.PropostaService\Tests\Application\ApplicationTests\ApplicationTests.csproj", "{76C1B48E-80F0-4924-93F4-17ECE00B2038}"
EndProject
Project("{FAE04EC0-301F-11D3-BF4B-00C04F79EFBC}") = "AdaptersTests", "1.PropostaService\Tests\Adapters\AdaptersTests\AdaptersTests.csproj", "{758D5E0F-39D7-4A25-B917-16466D066A81}"
EndProject
Project("{2150E333-8FDC-42A3-9474-1A3956D46DE8}") = "Core", "Core", "{F034994D-521E-491D-BFDB-BD0D811465D4}"
EndProject
Project("{2150E333-8FDC-42A3-9474-1A3956D46DE8}") = "Application", "Application", "{B5FC4DED-5F87-4810-BF45-8C62FD9B7D96}"
EndProject
Project("{FAE04EC0-301F-11D3-BF4B-00C04F79EFBC}") = "Contratacao.Application", "2.ContratacaoService\Core\Application\Contratacao.Application.csproj", "{9E4CB791-6D3B-49A1-8232-D7646415DF31}"
EndProject
Project("{2150E333-8FDC-42A3-9474-1A3956D46DE8}") = "Itens de Solução", "Itens de Solução", "{380A7511-A354-6D7A-0CC0-8FA1F1BA7B6C}"
	ProjectSection(SolutionItems) = preProject
		Fluxograma.PNG = Fluxograma.PNG
		README.md = README.md
	EndProjectSection
EndProject
Global
	GlobalSection(SolutionConfigurationPlatforms) = preSolution
		Debug|Any CPU = Debug|Any CPU
		Release|Any CPU = Release|Any CPU
	EndGlobalSection
	GlobalSection(ProjectConfigurationPlatforms) = postSolution
		{28EC0FB5-ECE5-46FE-94C2-4D9F7E509B37}.Debug|Any CPU.ActiveCfg = Debug|Any CPU
		{28EC0FB5-ECE5-46FE-94C2-4D9F7E509B37}.Debug|Any CPU.Build.0 = Debug|Any CPU
		{28EC0FB5-ECE5-46FE-94C2-4D9F7E509B37}.Release|Any CPU.ActiveCfg = Release|Any CPU
		{28EC0FB5-ECE5-46FE-94C2-4D9F7E509B37}.Release|Any CPU.Build.0 = Release|Any CPU
		{CD2747E5-5EDB-44B6-A188-A08D5532DC80}.Debug|Any CPU.ActiveCfg = Debug|Any CPU
		{CD2747E5-5EDB-44B6-A188-A08D5532DC80}.Debug|Any CPU.Build.0 = Debug|Any CPU
		{CD2747E5-5EDB-44B6-A188-A08D5532DC80}.Release|Any CPU.ActiveCfg = Release|Any CPU
		{CD2747E5-5EDB-44B6-A188-A08D5532DC80}.Release|Any CPU.Build.0 = Release|Any CPU
		{71C3AD70-8C82-4525-8DA9-D120B960519C}.Debug|Any CPU.ActiveCfg = Debug|Any CPU
		{71C3AD70-8C82-4525-8DA9-D120B960519C}.Debug|Any CPU.Build.0 = Debug|Any CPU
		{71C3AD70-8C82-4525-8DA9-D120B960519C}.Release|Any CPU.ActiveCfg = Release|Any CPU
		{71C3AD70-8C82-4525-8DA9-D120B960519C}.Release|Any CPU.Build.0 = Release|Any CPU
		{609D50DB-07C9-4D59-8F70-31E6DE851347}.Debug|Any CPU.ActiveCfg = Debug|Any CPU
		{609D50DB-07C9-4D59-8F70-31E6DE851347}.Debug|Any CPU.Build.0 = Debug|Any CPU
		{609D50DB-07C9-4D59-8F70-31E6DE851347}.Release|Any CPU.ActiveCfg = Release|Any CPU
		{609D50DB-07C9-4D59-8F70-31E6DE851347}.Release|Any CPU.Build.0 = Release|Any CPU
		{E9742C80-09B5-48AA-9364-3A5B86CB4E42}.Debug|Any CPU.ActiveCfg = Debug|Any CPU
		{E9742C80-09B5-48AA-9364-3A5B86CB4E42}.Debug|Any CPU.Build.0 = Debug|Any CPU
		{E9742C80-09B5-48AA-9364-3A5B86CB4E42}.Release|Any CPU.ActiveCfg = Release|Any CPU
		{E9742C80-09B5-48AA-9364-3A5B86CB4E42}.Release|Any CPU.Build.0 = Release|Any CPU
		{76C1B48E-80F0-4924-93F4-17ECE00B2038}.Debug|Any CPU.ActiveCfg = Debug|Any CPU
		{76C1B48E-80F0-4924-93F4-17ECE00B2038}.Debug|Any CPU.Build.0 = Debug|Any CPU
		{76C1B48E-80F0-4924-93F4-17ECE00B2038}.Release|Any CPU.ActiveCfg = Release|Any CPU
		{76C1B48E-80F0-4924-93F4-17ECE00B2038}.Release|Any CPU.Build.0 = Release|Any CPU
		{758D5E0F-39D7-4A25-B917-16466D066A81}.Debug|Any CPU.ActiveCfg = Debug|Any CPU
		{758D5E0F-39D7-4A25-B917-16466D066A81}.Debug|Any CPU.Build.0 = Debug|Any CPU
		{758D5E0F-39D7-4A25-B917-16466D066A81}.Release|Any CPU.ActiveCfg = Release|Any CPU
		{758D5E0F-39D7-4A25-B917-16466D066A81}.Release|Any CPU.Build.0 = Release|Any CPU
		{9E4CB791-6D3B-49A1-8232-D7646415DF31}.Debug|Any CPU.ActiveCfg = Debug|Any CPU
		{9E4CB791-6D3B-49A1-8232-D7646415DF31}.Debug|Any CPU.Build.0 = Debug|Any CPU
		{9E4CB791-6D3B-49A1-8232-D7646415DF31}.Release|Any CPU.ActiveCfg = Release|Any CPU
		{9E4CB791-6D3B-49A1-8232-D7646415DF31}.Release|Any CPU.Build.0 = Release|Any CPU
	EndGlobalSection
	GlobalSection(SolutionProperties) = preSolution
		HideSolutionNode = FALSE
	EndGlobalSection
	GlobalSection(NestedProjects) = preSolution
		{93FB203E-B28F-4FE2-806E-9452D0DE4BE0} = {02EA681E-C7D8-13C7-8484-4AC65E1B71E8}
		{3C17CEA6-A448-479D-859A-87F371C0B257} = {93FB203E-B28F-4FE2-806E-9452D0DE4BE0}
		{BC64BE6B-500F-4BD5-BE57-B048635F056B} = {02EA681E-C7D8-13C7-8484-4AC65E1B71E8}
		{DB3FD5F0-F704-4509-B4D0-DE73AEB2D011} = {93FB203E-B28F-4FE2-806E-9452D0DE4BE0}
		{28EC0FB5-ECE5-46FE-94C2-4D9F7E509B37} = {3C17CEA6-A448-479D-859A-87F371C0B257}
		{CD2747E5-5EDB-44B6-A188-A08D5532DC80} = {DB3FD5F0-F704-4509-B4D0-DE73AEB2D011}
		{71C3AD70-8C82-4525-8DA9-D120B960519C} = {BC64BE6B-500F-4BD5-BE57-B048635F056B}
		{609D50DB-07C9-4D59-8F70-31E6DE851347} = {5C0E3F42-AAD7-4236-A668-648DB731A822}
		{5C0E3F42-AAD7-4236-A668-648DB731A822} = {02EA681E-C7D8-13C7-8484-4AC65E1B71E8}
		{B6EEDD2D-13B2-4967-824D-74A071590554} = {02EA681E-C7D8-13C7-8484-4AC65E1B71E8}
		{0127BD15-0D72-4A86-B813-046BACA7EE92} = {B6EEDD2D-13B2-4967-824D-74A071590554}
		{83545A89-33F0-4B3F-9ACA-34E25297FE70} = {B6EEDD2D-13B2-4967-824D-74A071590554}
		{2ABC1857-CED6-4684-8D70-990225ECBCE4} = {B6EEDD2D-13B2-4967-824D-74A071590554}
		{E9742C80-09B5-48AA-9364-3A5B86CB4E42} = {2ABC1857-CED6-4684-8D70-990225ECBCE4}
		{76C1B48E-80F0-4924-93F4-17ECE00B2038} = {83545A89-33F0-4B3F-9ACA-34E25297FE70}
		{758D5E0F-39D7-4A25-B917-16466D066A81} = {0127BD15-0D72-4A86-B813-046BACA7EE92}
		{F034994D-521E-491D-BFDB-BD0D811465D4} = {0469ACF1-4DC2-4CEB-9514-F4AF6B62D40C}
		{B5FC4DED-5F87-4810-BF45-8C62FD9B7D96} = {F034994D-521E-491D-BFDB-BD0D811465D4}
		{9E4CB791-6D3B-49A1-8232-D7646415DF31} = {B5FC4DED-5F87-4810-BF45-8C62FD9B7D96}
	EndGlobalSection
	GlobalSection(ExtensibilityGlobals) = postSolution
		SolutionGuid = {C21907AF-C99A-406B-9267-B38D2AA05119}
	EndGlobalSection
EndGlobal
